// !$*UTF8*$!
{
	archiveVersion = 1;
	classes = {
	};
	objectVersion = 56;
	objects = {

/* Begin PBXBuildFile section */
		CEB234772B147E4A00045E5F /* WidgetLifeCycleDemoApp.swift in Sources */ = {isa = PBXBuildFile; fileRef = CEB234762B147E4A00045E5F /* WidgetLifeCycleDemoApp.swift */; };
		CEB234792B147E4A00045E5F /* ContentView.swift in Sources */ = {isa = PBXBuildFile; fileRef = CEB234782B147E4A00045E5F /* ContentView.swift */; };
		CEB2347B2B147E4C00045E5F /* Assets.xcassets in Resources */ = {isa = PBXBuildFile; fileRef = CEB2347A2B147E4C00045E5F /* Assets.xcassets */; };
		CEB2347E2B147E4C00045E5F /* Preview Assets.xcassets in Resources */ = {isa = PBXBuildFile; fileRef = CEB2347D2B147E4C00045E5F /* Preview Assets.xcassets */; };
		CEB2348B2B147E9100045E5F /* WidgetKit.framework in Frameworks */ = {isa = PBXBuildFile; fileRef = CEB2348A2B147E9100045E5F /* WidgetKit.framework */; };
		CEB2348D2B147E9100045E5F /* SwiftUI.framework in Frameworks */ = {isa = PBXBuildFile; fileRef = CEB2348C2B147E9100045E5F /* SwiftUI.framework */; };
		CEB234902B147E9200045E5F /* WidgetPlaygroundBundle.swift in Sources */ = {isa = PBXBuildFile; fileRef = CEB2348F2B147E9200045E5F /* WidgetPlaygroundBundle.swift */; };
		CEB234922B147E9200045E5F /* WidgetPlayground.swift in Sources */ = {isa = PBXBuildFile; fileRef = CEB234912B147E9200045E5F /* WidgetPlayground.swift */; };
		CEB234942B147E9400045E5F /* Assets.xcassets in Resources */ = {isa = PBXBuildFile; fileRef = CEB234932B147E9400045E5F /* Assets.xcassets */; };
		CEB234982B147E9400045E5F /* WidgetPlaygroundExtension.appex in Embed Foundation Extensions */ = {isa = PBXBuildFile; fileRef = CEB234882B147E9100045E5F /* WidgetPlaygroundExtension.appex */; settings = {ATTRIBUTES = (RemoveHeadersOnCopy, ); }; };
/* End PBXBuildFile section */

/* Begin PBXContainerItemProxy section */
		CEB234962B147E9400045E5F /* PBXContainerItemProxy */ = {
			isa = PBXContainerItemProxy;
			containerPortal = CEB2346B2B147E4A00045E5F /* Project object */;
			proxyType = 1;
			remoteGlobalIDString = CEB234872B147E9100045E5F;
			remoteInfo = WidgetPlaygroundExtension;
		};
/* End PBXContainerItemProxy section */

/* Begin PBXCopyFilesBuildPhase section */
		CEB2349C2B147E9400045E5F /* Embed Foundation Extensions */ = {
			isa = PBXCopyFilesBuildPhase;
			buildActionMask = 2147483647;
			dstPath = "";
			dstSubfolderSpec = 13;
			files = (
				CEB234982B147E9400045E5F /* WidgetPlaygroundExtension.appex in Embed Foundation Extensions */,
			);
			name = "Embed Foundation Extensions";
			runOnlyForDeploymentPostprocessing = 0;
		};
/* End PBXCopyFilesBuildPhase section */

/* Begin PBXFileReference section */
		CEB234732B147E4A00045E5F /* WidgetLifeCycleDemo.app */ = {isa = PBXFileReference; explicitFileType = wrapper.application; includeInIndex = 0; path = WidgetLifeCycleDemo.app; sourceTree = BUILT_PRODUCTS_DIR; };
		CEB234762B147E4A00045E5F /* WidgetLifeCycleDemoApp.swift */ = {isa = PBXFileReference; lastKnownFileType = sourcecode.swift; path = WidgetLifeCycleDemoApp.swift; sourceTree = "<group>"; };
		CEB234782B147E4A00045E5F /* ContentView.swift */ = {isa = PBXFileReference; lastKnownFileType = sourcecode.swift; path = ContentView.swift; sourceTree = "<group>"; };
		CEB2347A2B147E4C00045E5F /* Assets.xcassets */ = {isa = PBXFileReference; lastKnownFileType = folder.assetcatalog; path = Assets.xcassets; sourceTree = "<group>"; };
		CEB2347D2B147E4C00045E5F /* Preview Assets.xcassets */ = {isa = PBXFileReference; lastKnownFileType = folder.assetcatalog; path = "Preview Assets.xcassets"; sourceTree = "<group>"; };
		CEB234882B147E9100045E5F /* WidgetPlaygroundExtension.appex */ = {isa = PBXFileReference; explicitFileType = "wrapper.app-extension"; includeInIndex = 0; path = WidgetPlaygroundExtension.appex; sourceTree = BUILT_PRODUCTS_DIR; };
		CEB2348A2B147E9100045E5F /* WidgetKit.framework */ = {isa = PBXFileReference; lastKnownFileType = wrapper.framework; name = WidgetKit.framework; path = System/Library/Frameworks/WidgetKit.framework; sourceTree = SDKROOT; };
		CEB2348C2B147E9100045E5F /* SwiftUI.framework */ = {isa = PBXFileReference; lastKnownFileType = wrapper.framework; name = SwiftUI.framework; path = System/Library/Frameworks/SwiftUI.framework; sourceTree = SDKROOT; };
		CEB2348F2B147E9200045E5F /* WidgetPlaygroundBundle.swift */ = {isa = PBXFileReference; lastKnownFileType = sourcecode.swift; path = WidgetPlaygroundBundle.swift; sourceTree = "<group>"; };
		CEB234912B147E9200045E5F /* WidgetPlayground.swift */ = {isa = PBXFileReference; lastKnownFileType = sourcecode.swift; path = WidgetPlayground.swift; sourceTree = "<group>"; };
		CEB234932B147E9400045E5F /* Assets.xcassets */ = {isa = PBXFileReference; lastKnownFileType = folder.assetcatalog; path = Assets.xcassets; sourceTree = "<group>"; };
		CEB234952B147E9400045E5F /* Info.plist */ = {isa = PBXFileReference; lastKnownFileType = text.plist.xml; path = Info.plist; sourceTree = "<group>"; };
/* End PBXFileReference section */

/* Begin PBXFrameworksBuildPhase section */
		CEB234702B147E4A00045E5F /* Frameworks */ = {
			isa = PBXFrameworksBuildPhase;
			buildActionMask = 2147483647;
			files = (
			);
			runOnlyForDeploymentPostprocessing = 0;
		};
		CEB234852B147E9100045E5F /* Frameworks */ = {
			isa = PBXFrameworksBuildPhase;
			buildActionMask = 2147483647;
			files = (
				CEB2348D2B147E9100045E5F /* SwiftUI.framework in Frameworks */,
				CEB2348B2B147E9100045E5F /* WidgetKit.framework in Frameworks */,
			);
			runOnlyForDeploymentPostprocessing = 0;
		};
/* End PBXFrameworksBuildPhase section */

/* Begin PBXGroup section */
		CEB2346A2B147E4A00045E5F = {
			isa = PBXGroup;
			children = (
				CEB234752B147E4A00045E5F /* WidgetLifeCycleDemo */,
				CEB2348E2B147E9200045E5F /* WidgetPlayground */,
				CEB234892B147E9100045E5F /* Frameworks */,
				CEB234742B147E4A00045E5F /* Products */,
			);
			sourceTree = "<group>";
		};
		CEB234742B147E4A00045E5F /* Products */ = {
			isa = PBXGroup;
			children = (
				CEB234732B147E4A00045E5F /* WidgetLifeCycleDemo.app */,
				CEB234882B147E9100045E5F /* WidgetPlaygroundExtension.appex */,
			);
			name = Products;
			sourceTree = "<group>";
		};
		CEB234752B147E4A00045E5F /* WidgetLifeCycleDemo */ = {
			isa = PBXGroup;
			children = (
				CEB234762B147E4A00045E5F /* WidgetLifeCycleDemoApp.swift */,
				CEB234782B147E4A00045E5F /* ContentView.swift */,
				CEB2347A2B147E4C00045E5F /* Assets.xcassets */,
				CEB2347C2B147E4C00045E5F /* Preview Content */,
			);
			path = WidgetLifeCycleDemo;
			sourceTree = "<group>";
		};
		CEB2347C2B147E4C00045E5F /* Preview Content */ = {
			isa = PBXGroup;
			children = (
				CEB2347D2B147E4C00045E5F /* Preview Assets.xcassets */,
			);
			path = "Preview Content";
			sourceTree = "<group>";
		};
		CEB234892B147E9100045E5F /* Frameworks */ = {
			isa = PBXGroup;
			children = (
				CEB2348A2B147E9100045E5F /* WidgetKit.framework */,
				CEB2348C2B147E9100045E5F /* SwiftUI.framework */,
			);
			name = Frameworks;
			sourceTree = "<group>";
		};
		CEB2348E2B147E9200045E5F /* WidgetPlayground */ = {
			isa = PBXGroup;
			children = (
				CEB2348F2B147E9200045E5F /* WidgetPlaygroundBundle.swift */,
				CEB234912B147E9200045E5F /* WidgetPlayground.swift */,
				CEB234932B147E9400045E5F /* Assets.xcassets */,
				CEB234952B147E9400045E5F /* Info.plist */,
			);
			path = WidgetPlayground;
			sourceTree = "<group>";
		};
/* End PBXGroup section */

/* Begin PBXNativeTarget section */
		CEB234722B147E4A00045E5F /* WidgetLifeCycleDemo */ = {
			isa = PBXNativeTarget;
			buildConfigurationList = CEB234812B147E4C00045E5F /* Build configuration list for PBXNativeTarget "WidgetLifeCycleDemo" */;
			buildPhases = (
				CEB2346F2B147E4A00045E5F /* Sources */,
				CEB234702B147E4A00045E5F /* Frameworks */,
				CEB234712B147E4A00045E5F /* Resources */,
				CEB2349C2B147E9400045E5F /* Embed Foundation Extensions */,
			);
			buildRules = (
			);
			dependencies = (
				CEB234972B147E9400045E5F /* PBXTargetDependency */,
			);
			name = WidgetLifeCycleDemo;
			productName = WidgetLifeCycleDemo;
			productReference = CEB234732B147E4A00045E5F /* WidgetLifeCycleDemo.app */;
			productType = "com.apple.product-type.application";
		};
		CEB234872B147E9100045E5F /* WidgetPlaygroundExtension */ = {
			isa = PBXNativeTarget;
			buildConfigurationList = CEB234992B147E9400045E5F /* Build configuration list for PBXNativeTarget "WidgetPlaygroundExtension" */;
			buildPhases = (
				CEB234842B147E9100045E5F /* Sources */,
				CEB234852B147E9100045E5F /* Frameworks */,
				CEB234862B147E9100045E5F /* Resources */,
			);
			buildRules = (
			);
			dependencies = (
			);
			name = WidgetPlaygroundExtension;
			productName = WidgetPlaygroundExtension;
			productReference = CEB234882B147E9100045E5F /* WidgetPlaygroundExtension.appex */;
			productType = "com.apple.product-type.app-extension";
		};
/* End PBXNativeTarget section */

/* Begin PBXProject section */
		CEB2346B2B147E4A00045E5F /* Project object */ = {
			isa = PBXProject;
			attributes = {
				BuildIndependentTargetsInParallel = 1;
				LastSwiftUpdateCheck = 1500;
				LastUpgradeCheck = 1500;
				TargetAttributes = {
					CEB234722B147E4A00045E5F = {
						CreatedOnToolsVersion = 15.0.1;
					};
					CEB234872B147E9100045E5F = {
						CreatedOnToolsVersion = 15.0.1;
					};
				};
			};
			buildConfigurationList = CEB2346E2B147E4A00045E5F /* Build configuration list for PBXProject "WidgetLifeCycleDemo" */;
			compatibilityVersion = "Xcode 14.0";
			developmentRegion = en;
			hasScannedForEncodings = 0;
			knownRegions = (
				en,
				Base,
			);
			mainGroup = CEB2346A2B147E4A00045E5F;
			productRefGroup = CEB234742B147E4A00045E5F /* Products */;
			projectDirPath = "";
			projectRoot = "";
			targets = (
				CEB234722B147E4A00045E5F /* WidgetLifeCycleDemo */,
				CEB234872B147E9100045E5F /* WidgetPlaygroundExtension */,
			);
		};
/* End PBXProject section */

/* Begin PBXResourcesBuildPhase section */
		CEB234712B147E4A00045E5F /* Resources */ = {
			isa = PBXResourcesBuildPhase;
			buildActionMask = 2147483647;
			files = (
				CEB2347E2B147E4C00045E5F /* Preview Assets.xcassets in Resources */,
				CEB2347B2B147E4C00045E5F /* Assets.xcassets in Resources */,
			);
			runOnlyForDeploymentPostprocessing = 0;
		};
		CEB234862B147E9100045E5F /* Resources */ = {
			isa = PBXResourcesBuildPhase;
			buildActionMask = 2147483647;
			files = (
				CEB234942B147E9400045E5F /* Assets.xcassets in Resources */,
			);
			runOnlyForDeploymentPostprocessing = 0;
		};
/* End PBXResourcesBuildPhase section */

/* Begin PBXSourcesBuildPhase section */
		CEB2346F2B147E4A00045E5F /* Sources */ = {
			isa = PBXSourcesBuildPhase;
			buildActionMask = 2147483647;
			files = (
				CEB234792B147E4A00045E5F /* ContentView.swift in Sources */,
				CEB234772B147E4A00045E5F /* WidgetLifeCycleDemoApp.swift in Sources */,
			);
			runOnlyForDeploymentPostprocessing = 0;
		};
		CEB234842B147E9100045E5F /* Sources */ = {
			isa = PBXSourcesBuildPhase;
			buildActionMask = 2147483647;
			files = (
				CEB234922B147E9200045E5F /* WidgetPlayground.swift in Sources */,
				CEB234902B147E9200045E5F /* WidgetPlaygroundBundle.swift in Sources */,
			);
			runOnlyForDeploymentPostprocessing = 0;
		};
/* End PBXSourcesBuildPhase section */

/* Begin PBXTargetDependency section */
		CEB234972B147E9400045E5F /* PBXTargetDependency */ = {
			isa = PBXTargetDependency;
			target = CEB234872B147E9100045E5F /* WidgetPlaygroundExtension */;
			targetProxy = CEB234962B147E9400045E5F /* PBXContainerItemProxy */;
		};
/* End PBXTargetDependency section */

/* Begin XCBuildConfiguration section */
		CEB2347F2B147E4C00045E5F /* Debug */ = {
			isa = XCBuildConfiguration;
			buildSettings = {
				ALWAYS_SEARCH_USER_PATHS = NO;
				ASSETCATALOG_COMPILER_GENERATE_SWIFT_ASSET_SYMBOL_EXTENSIONS = YES;
				CLANG_ANALYZER_NONNULL = YES;
				CLANG_ANALYZER_NUMBER_OBJECT_CONVERSION = YES_AGGRESSIVE;
				CLANG_CXX_LANGUAGE_STANDARD = "gnu++20";
				CLANG_ENABLE_MODULES = YES;
				CLANG_ENABLE_OBJC_ARC = YES;
				CLANG_ENABLE_OBJC_WEAK = YES;
				CLANG_WARN_BLOCK_CAPTURE_AUTORELEASING = YES;
				CLANG_WARN_BOOL_CONVERSION = YES;
				CLANG_WARN_COMMA = YES;
				CLANG_WARN_CONSTANT_CONVERSION = YES;
				CLANG_WARN_DEPRECATED_OBJC_IMPLEMENTATIONS = YES;
				CLANG_WARN_DIRECT_OBJC_ISA_USAGE = YES_ERROR;
				CLANG_WARN_DOCUMENTATION_COMMENTS = YES;
				CLANG_WARN_EMPTY_BODY = YES;
				CLANG_WARN_ENUM_CONVERSION = YES;
				CLANG_WARN_INFINITE_RECURSION = YES;
				CLANG_WARN_INT_CONVERSION = YES;
				CLANG_WARN_NON_LITERAL_NULL_CONVERSION = YES;
				CLANG_WARN_OBJC_IMPLICIT_RETAIN_SELF = YES;
				CLANG_WARN_OBJC_LITERAL_CONVERSION = YES;
				CLANG_WARN_OBJC_ROOT_CLASS = YES_ERROR;
				CLANG_WARN_QUOTED_INCLUDE_IN_FRAMEWORK_HEADER = YES;
				CLANG_WARN_RANGE_LOOP_ANALYSIS = YES;
				CLANG_WARN_STRICT_PROTOTYPES = YES;
				CLANG_WARN_SUSPICIOUS_MOVE = YES;
				CLANG_WARN_UNGUARDED_AVAILABILITY = YES_AGGRESSIVE;
				CLANG_WARN_UNREACHABLE_CODE = YES;
				CLANG_WARN__DUPLICATE_METHOD_MATCH = YES;
				COPY_PHASE_STRIP = NO;
				DEBUG_INFORMATION_FORMAT = dwarf;
				ENABLE_STRICT_OBJC_MSGSEND = YES;
				ENABLE_TESTABILITY = YES;
				ENABLE_USER_SCRIPT_SANDBOXING = YES;
				GCC_C_LANGUAGE_STANDARD = gnu17;
				GCC_DYNAMIC_NO_PIC = NO;
				GCC_NO_COMMON_BLOCKS = YES;
				GCC_OPTIMIZATION_LEVEL = 0;
				GCC_PREPROCESSOR_DEFINITIONS = (
					"DEBUG=1",
					"$(inherited)",
				);
				GCC_WARN_64_TO_32_BIT_CONVERSION = YES;
				GCC_WARN_ABOUT_RETURN_TYPE = YES_ERROR;
				GCC_WARN_UNDECLARED_SELECTOR = YES;
				GCC_WARN_UNINITIALIZED_AUTOS = YES_AGGRESSIVE;
				GCC_WARN_UNUSED_FUNCTION = YES;
				GCC_WARN_UNUSED_VARIABLE = YES;
				IPHONEOS_DEPLOYMENT_TARGET = 17.0;
				LOCALIZATION_PREFERS_STRING_CATALOGS = YES;
				MTL_ENABLE_DEBUG_INFO = INCLUDE_SOURCE;
				MTL_FAST_MATH = YES;
				ONLY_ACTIVE_ARCH = YES;
				SDKROOT = iphoneos;
				SWIFT_ACTIVE_COMPILATION_CONDITIONS = "DEBUG $(inherited)";
				SWIFT_OPTIMIZATION_LEVEL = "-Onone";
			};
			name = Debug;
		};
		CEB234802B147E4C00045E5F /* Release */ = {
			isa = XCBuildConfiguration;
			buildSettings = {
				ALWAYS_SEARCH_USER_PATHS = NO;
				ASSETCATALOG_COMPILER_GENERATE_SWIFT_ASSET_SYMBOL_EXTENSIONS = YES;
				CLANG_ANALYZER_NONNULL = YES;
				CLANG_ANALYZER_NUMBER_OBJECT_CONVERSION = YES_AGGRESSIVE;
				CLANG_CXX_LANGUAGE_STANDARD = "gnu++20";
				CLANG_ENABLE_MODULES = YES;
				CLANG_ENABLE_OBJC_ARC = YES;
				CLANG_ENABLE_OBJC_WEAK = YES;
				CLANG_WARN_BLOCK_CAPTURE_AUTORELEASING = YES;
				CLANG_WARN_BOOL_CONVERSION = YES;
				CLANG_WARN_COMMA = YES;
				CLANG_WARN_CONSTANT_CONVERSION = YES;
				CLANG_WARN_DEPRECATED_OBJC_IMPLEMENTATIONS = YES;
				CLANG_WARN_DIRECT_OBJC_ISA_USAGE = YES_ERROR;
				CLANG_WARN_DOCUMENTATION_COMMENTS = YES;
				CLANG_WARN_EMPTY_BODY = YES;
				CLANG_WARN_ENUM_CONVERSION = YES;
				CLANG_WARN_INFINITE_RECURSION = YES;
				CLANG_WARN_INT_CONVERSION = YES;
				CLANG_WARN_NON_LITERAL_NULL_CONVERSION = YES;
				CLANG_WARN_OBJC_IMPLICIT_RETAIN_SELF = YES;
				CLANG_WARN_OBJC_LITERAL_CONVERSION = YES;
				CLANG_WARN_OBJC_ROOT_CLASS = YES_ERROR;
				CLANG_WARN_QUOTED_INCLUDE_IN_FRAMEWORK_HEADER = YES;
				CLANG_WARN_RANGE_LOOP_ANALYSIS = YES;
				CLANG_WARN_STRICT_PROTOTYPES = YES;
				CLANG_WARN_SUSPICIOUS_MOVE = YES;
				CLANG_WARN_UNGUARDED_AVAILABILITY = YES_AGGRESSIVE;
				CLANG_WARN_UNREACHABLE_CODE = YES;
				CLANG_WARN__DUPLICATE_METHOD_MATCH = YES;
				COPY_PHASE_STRIP = NO;
				DEBUG_INFORMATION_FORMAT = "dwarf-with-dsym";
				ENABLE_NS_ASSERTIONS = NO;
				ENABLE_STRICT_OBJC_MSGSEND = YES;
				ENABLE_USER_SCRIPT_SANDBOXING = YES;
				GCC_C_LANGUAGE_STANDARD = gnu17;
				GCC_NO_COMMON_BLOCKS = YES;
				GCC_WARN_64_TO_32_BIT_CONVERSION = YES;
				GCC_WARN_ABOUT_RETURN_TYPE = YES_ERROR;
				GCC_WARN_UNDECLARED_SELECTOR = YES;
				GCC_WARN_UNINITIALIZED_AUTOS = YES_AGGRESSIVE;
				GCC_WARN_UNUSED_FUNCTION = YES;
				GCC_WARN_UNUSED_VARIABLE = YES;
				IPHONEOS_DEPLOYMENT_TARGET = 17.0;
				LOCALIZATION_PREFERS_STRING_CATALOGS = YES;
				MTL_ENABLE_DEBUG_INFO = NO;
				MTL_FAST_MATH = YES;
				SDKROOT = iphoneos;
				SWIFT_COMPILATION_MODE = wholemodule;
				VALIDATE_PRODUCT = YES;
			};
			name = Release;
		};
		CEB234822B147E4C00045E5F /* Debug */ = {
			isa = XCBuildConfiguration;
			buildSettings = {
				ALWAYS_EMBED_SWIFT_STANDARD_LIBRARIES = YES;
				ASSETCATALOG_COMPILER_APPICON_NAME = AppIcon;
				ASSETCATALOG_COMPILER_GLOBAL_ACCENT_COLOR_NAME = AccentColor;
				CODE_SIGN_STYLE = Automatic;
				CURRENT_PROJECT_VERSION = 1;
				DEVELOPMENT_ASSET_PATHS = "\"WidgetLifeCycleDemo/Preview Content\"";
				DEVELOPMENT_TEAM = JW2LR94V6G;
				ENABLE_PREVIEWS = YES;
				GENERATE_INFOPLIST_FILE = YES;
				INFOPLIST_KEY_UIApplicationSceneManifest_Generation = YES;
				INFOPLIST_KEY_UIApplicationSupportsIndirectInputEvents = YES;
				INFOPLIST_KEY_UILaunchScreen_Generation = YES;
				INFOPLIST_KEY_UISupportedInterfaceOrientations_iPad = "UIInterfaceOrientationPortrait UIInterfaceOrientationPortraitUpsideDown UIInterfaceOrientationLandscapeLeft UIInterfaceOrientationLandscapeRight";
				INFOPLIST_KEY_UISupportedInterfaceOrientations_iPhone = "UIInterfaceOrientationPortrait UIInterfaceOrientationLandscapeLeft UIInterfaceOrientationLandscapeRight";
				LD_RUNPATH_SEARCH_PATHS = (
					"$(inherited)",
					"@executable_path/Frameworks",
				);
				MARKETING_VERSION = 1.0;
				PRODUCT_BUNDLE_IDENTIFIER = com.zanderwangwidget.WidgetLifeCycleDemo;
				PRODUCT_NAME = "$(TARGET_NAME)";
				SWIFT_EMIT_LOC_STRINGS = YES;
				SWIFT_VERSION = 5.0;
				TARGETED_DEVICE_FAMILY = "1,2";
			};
			name = Debug;
		};
		CEB234832B147E4C00045E5F /* Release */ = {
			isa = XCBuildConfiguration;
			buildSettings = {
				ALWAYS_EMBED_SWIFT_STANDARD_LIBRARIES = YES;
				ASSETCATALOG_COMPILER_APPICON_NAME = AppIcon;
				ASSETCATALOG_COMPILER_GLOBAL_ACCENT_COLOR_NAME = AccentColor;
				CODE_SIGN_STYLE = Automatic;
				CURRENT_PROJECT_VERSION = 1;
				DEVELOPMENT_ASSET_PATHS = "\"WidgetLifeCycleDemo/Preview Content\"";
				DEVELOPMENT_TEAM = JW2LR94V6G;
				ENABLE_PREVIEWS = YES;
				GENERATE_INFOPLIST_FILE = YES;
				INFOPLIST_KEY_UIApplicationSceneManifest_Generation = YES;
				INFOPLIST_KEY_UIApplicationSupportsIndirectInputEvents = YES;
				INFOPLIST_KEY_UILaunchScreen_Generation = YES;
				INFOPLIST_KEY_UISupportedInterfaceOrientations_iPad = "UIInterfaceOrientationPortrait UIInterfaceOrientationPortraitUpsideDown UIInterfaceOrientationLandscapeLeft UIInterfaceOrientationLandscapeRight";
				INFOPLIST_KEY_UISupportedInterfaceOrientations_iPhone = "UIInterfaceOrientationPortrait UIInterfaceOrientationLandscapeLeft UIInterfaceOrientationLandscapeRight";
				LD_RUNPATH_SEARCH_PATHS = (
					"$(inherited)",
					"@executable_path/Frameworks",
				);
				MARKETING_VERSION = 1.0;
				PRODUCT_BUNDLE_IDENTIFIER = com.zanderwangwidget.WidgetLifeCycleDemo;
				PRODUCT_NAME = "$(TARGET_NAME)";
				SWIFT_EMIT_LOC_STRINGS = YES;
				SWIFT_VERSION = 5.0;
				TARGETED_DEVICE_FAMILY = "1,2";
			};
			name = Release;
		};
		CEB2349A2B147E9400045E5F /* Debug */ = {
			isa = XCBuildConfiguration;
			buildSettings = {
				ASSETCATALOG_COMPILER_GLOBAL_ACCENT_COLOR_NAME = AccentColor;
				ASSETCATALOG_COMPILER_WIDGET_BACKGROUND_COLOR_NAME = WidgetBackground;
				CODE_SIGN_STYLE = Automatic;
				CURRENT_PROJECT_VERSION = 1;
				DEVELOPMENT_TEAM = JW2LR94V6G;
				GENERATE_INFOPLIST_FILE = YES;
				INFOPLIST_FILE = WidgetPlayground/Info.plist;
				INFOPLIST_KEY_CFBundleDisplayName = WidgetPlayground;
				INFOPLIST_KEY_NSHumanReadableCopyright = "";
				LD_RUNPATH_SEARCH_PATHS = (
					"$(inherited)",
					"@executable_path/Frameworks",
					"@executable_path/../../Frameworks",
				);
				MARKETING_VERSION = 1.0;
				PRODUCT_BUNDLE_IDENTIFIER = com.zanderwangwidget.WidgetLifeCycleDemo.WidgetPlayground;
				PRODUCT_NAME = "$(TARGET_NAME)";
				SKIP_INSTALL = YES;
				SWIFT_EMIT_LOC_STRINGS = YES;
				SWIFT_VERSION = 5.0;
				TARGETED_DEVICE_FAMILY = "1,2";
			};
			name = Debug;
		};
		CEB2349B2B147E9400045E5F /* Release */ = {
			isa = XCBuildConfiguration;
			buildSettings = {
				ASSETCATALOG_COMPILER_GLOBAL_ACCENT_COLOR_NAME = AccentColor;
				ASSETCATALOG_COMPILER_WIDGET_BACKGROUND_COLOR_NAME = WidgetBackground;
				CODE_SIGN_STYLE = Automatic;
				CURRENT_PROJECT_VERSION = 1;
				DEVELOPMENT_TEAM = JW2LR94V6G;
				GENERATE_INFOPLIST_FILE = YES;
				INFOPLIST_FILE = WidgetPlayground/Info.plist;
				INFOPLIST_KEY_CFBundleDisplayName = WidgetPlayground;
				INFOPLIST_KEY_NSHumanReadableCopyright = "";
				LD_RUNPATH_SEARCH_PATHS = (
					"$(inherited)",
					"@executable_path/Frameworks",
					"@executable_path/../../Frameworks",
				);
				MARKETING_VERSION = 1.0;
				PRODUCT_BUNDLE_IDENTIFIER = com.zanderwangwidget.WidgetLifeCycleDemo.WidgetPlayground;
				PRODUCT_NAME = "$(TARGET_NAME)";
				SKIP_INSTALL = YES;
				SWIFT_EMIT_LOC_STRINGS = YES;
				SWIFT_VERSION = 5.0;
				TARGETED_DEVICE_FAMILY = "1,2";
			};
			name = Release;
		};
/* End XCBuildConfiguration section */

/* Begin XCConfigurationList section */
		CEB2346E2B147E4A00045E5F /* Build configuration list for PBXProject "WidgetLifeCycleDemo" */ = {
			isa = XCConfigurationList;
			buildConfigurations = (
				CEB2347F2B147E4C00045E5F /* Debug */,
				CEB234802B147E4C00045E5F /* Release */,
			);
			defaultConfigurationIsVisible = 0;
			defaultConfigurationName = Release;
		};
		CEB234812B147E4C00045E5F /* Build configuration list for PBXNativeTarget "WidgetLifeCycleDemo" */ = {
			isa = XCConfigurationList;
			buildConfigurations = (
				CEB234822B147E4C00045E5F /* Debug */,
				CEB234832B147E4C00045E5F /* Release */,
			);
			defaultConfigurationIsVisible = 0;
			defaultConfigurationName = Release;
		};
		CEB234992B147E9400045E5F /* Build configuration list for PBXNativeTarget "WidgetPlaygroundExtension" */ = {
			isa = XCConfigurationList;
			buildConfigurations = (
				CEB2349A2B147E9400045E5F /* Debug */,
				CEB2349B2B147E9400045E5F /* Release */,
			);
			defaultConfigurationIsVisible = 0;
			defaultConfigurationName = Release;
		};
/* End XCConfigurationList section */
	};
	rootObject = CEB2346B2B147E4A00045E5F /* Project object */;
}
